
Microsoft Visual Studio Solution File, Format Version 12.00
# Visual Studio Version 16
VisualStudioVersion = 16.0.29728.190
MinimumVisualStudioVersion = 10.0.40219.1
Project("{9A19103F-16F7-4668-BE54-9A1E7A4F7556}") = "ey2020UserManager.API", "ey2020UserManager\ey2020UserManager.API.csproj", "{C09F510E-C1C6-4BD1-8AC4-342E24F5645B}"
EndProject
Project("{9A19103F-16F7-4668-BE54-9A1E7A4F7556}") = "ey2020UserManager.Persistence", "ey2020UserManager.Persistence\ey2020UserManager.Persistence.csproj", "{1A2396C3-7EFB-4E75-851A-CC506C5481B3}"
EndProject
Project("{9A19103F-16F7-4668-BE54-9A1E7A4F7556}") = "ey2020UserManager.Infrustructure", "ey2020UserManager.Infrustructure\ey2020UserManager.Infrustructure.csproj", "{9B2B8AC6-FA7D-44CB-B428-F4949CC7DBCC}"
EndProject
Project("{2150E333-8FDC-42A3-9474-1A3956D46DE8}") = "01 Persistence", "01 Persistence", "{36970134-5D26-4BB2-8940-9BEFDCBE983A}"
EndProject
Project("{2150E333-8FDC-42A3-9474-1A3956D46DE8}") = "02 Infrustructure", "02 Infrustructure", "{87CBF206-594A-4832-BA7F-125A1C60F92F}"
EndProject
Project("{2150E333-8FDC-42A3-9474-1A3956D46DE8}") = "03 API", "03 API", "{CABAD8F1-A0D9-46A1-BE0B-659FEC54B425}"
EndProject
Project("{2150E333-8FDC-42A3-9474-1A3956D46DE8}") = "UserService", "UserService", "{AF4CB8F5-0AFB-41D4-A559-ED5F534E5BC5}"
EndProject
Project("{2150E333-8FDC-42A3-9474-1A3956D46DE8}") = "RoleService", "RoleService", "{1A862F5A-3661-46C1-8B57-876A460DB14F}"
EndProject
Global
	GlobalSection(SolutionConfigurationPlatforms) = preSolution
		Debug|Any CPU = Debug|Any CPU
		Release|Any CPU = Release|Any CPU
	EndGlobalSection
	GlobalSection(ProjectConfigurationPlatforms) = postSolution
		{C09F510E-C1C6-4BD1-8AC4-342E24F5645B}.Debug|Any CPU.ActiveCfg = Debug|Any CPU
		{C09F510E-C1C6-4BD1-8AC4-342E24F5645B}.Debug|Any CPU.Build.0 = Debug|Any CPU
		{C09F510E-C1C6-4BD1-8AC4-342E24F5645B}.Release|Any CPU.ActiveCfg = Release|Any CPU
		{C09F510E-C1C6-4BD1-8AC4-342E24F5645B}.Release|Any CPU.Build.0 = Release|Any CPU
		{1A2396C3-7EFB-4E75-851A-CC506C5481B3}.Debug|Any CPU.ActiveCfg = Debug|Any CPU
		{1A2396C3-7EFB-4E75-851A-CC506C5481B3}.Debug|Any CPU.Build.0 = Debug|Any CPU
		{1A2396C3-7EFB-4E75-851A-CC506C5481B3}.Release|Any CPU.ActiveCfg = Release|Any CPU
		{1A2396C3-7EFB-4E75-851A-CC506C5481B3}.Release|Any CPU.Build.0 = Release|Any CPU
		{9B2B8AC6-FA7D-44CB-B428-F4949CC7DBCC}.Debug|Any CPU.ActiveCfg = Debug|Any CPU
		{9B2B8AC6-FA7D-44CB-B428-F4949CC7DBCC}.Debug|Any CPU.Build.0 = Debug|Any CPU
		{9B2B8AC6-FA7D-44CB-B428-F4949CC7DBCC}.Release|Any CPU.ActiveCfg = Release|Any CPU
		{9B2B8AC6-FA7D-44CB-B428-F4949CC7DBCC}.Release|Any CPU.Build.0 = Release|Any CPU
	EndGlobalSection
	GlobalSection(SolutionProperties) = preSolution
		HideSolutionNode = FALSE
	EndGlobalSection
	GlobalSection(NestedProjects) = preSolution
		{C09F510E-C1C6-4BD1-8AC4-342E24F5645B} = {CABAD8F1-A0D9-46A1-BE0B-659FEC54B425}
		{1A2396C3-7EFB-4E75-851A-CC506C5481B3} = {36970134-5D26-4BB2-8940-9BEFDCBE983A}
		{9B2B8AC6-FA7D-44CB-B428-F4949CC7DBCC} = {87CBF206-594A-4832-BA7F-125A1C60F92F}
		{AF4CB8F5-0AFB-41D4-A559-ED5F534E5BC5} = {87CBF206-594A-4832-BA7F-125A1C60F92F}
		{1A862F5A-3661-46C1-8B57-876A460DB14F} = {87CBF206-594A-4832-BA7F-125A1C60F92F}
	EndGlobalSection
	GlobalSection(ExtensibilityGlobals) = postSolution
		SolutionGuid = {23A9D5DB-DD8B-4DF8-9A4D-3A5A7CAB313E}
	EndGlobalSection
EndGlobal
